{
  "requires": true,
  "lockfileVersion": 1,
  "dependencies": {
    "zoomist": {
      "version": "1.1.1",
      "resolved": "https://registry.npmjs.org/zoomist/-/zoomist-1.1.1.tgz",
      "integrity": "sha512-lJvn/vJ+FwUhd76CmmVBaB3mX7jKQz0i5L5GwG90haJtyucNbAkBZuN9YhymWgMcav2vns88efFg0TDC3HKscA=="
    }
  }
}
